
Microsoft Visual Studio Solution File, Format Version 12.00
# Visual Studio 15
VisualStudioVersion = 15.0.28307.168
MinimumVisualStudioVersion = 10.0.40219.1
Project("{9A19103F-16F7-4668-BE54-9A1E7A4F7556}") = "treeintersection", "treeintersection\treeintersection.csproj", "{B5F32AD9-A450-49EA-803D-6F062E9A52A6}"
EndProject
Project("{FAE04EC0-301F-11D3-BF4B-00C04F79EFBC}") = "XUnitTestProject1", "XUnitTestProject1\XUnitTestProject1.csproj", "{7A4D59EB-7280-48B8-954F-DA07F138B49A}"
EndProject
Global
	GlobalSection(SolutionConfigurationPlatforms) = preSolution
		Debug|Any CPU = Debug|Any CPU
		Release|Any CPU = Release|Any CPU
	EndGlobalSection
	GlobalSection(ProjectConfigurationPlatforms) = postSolution
		{B5F32AD9-A450-49EA-803D-6F062E9A52A6}.Debug|Any CPU.ActiveCfg = Debug|Any CPU
		{B5F32AD9-A450-49EA-803D-6F062E9A52A6}.Debug|Any CPU.Build.0 = Debug|Any CPU
		{B5F32AD9-A450-49EA-803D-6F062E9A52A6}.Release|Any CPU.ActiveCfg = Release|Any CPU
		{B5F32AD9-A450-49EA-803D-6F062E9A52A6}.Release|Any CPU.Build.0 = Release|Any CPU
		{7A4D59EB-7280-48B8-954F-DA07F138B49A}.Debug|Any CPU.ActiveCfg = Debug|Any CPU
		{7A4D59EB-7280-48B8-954F-DA07F138B49A}.Debug|Any CPU.Build.0 = Debug|Any CPU
		{7A4D59EB-7280-48B8-954F-DA07F138B49A}.Release|Any CPU.ActiveCfg = Release|Any CPU
		{7A4D59EB-7280-48B8-954F-DA07F138B49A}.Release|Any CPU.Build.0 = Release|Any CPU
	EndGlobalSection
	GlobalSection(SolutionProperties) = preSolution
		HideSolutionNode = FALSE
	EndGlobalSection
	GlobalSection(ExtensibilityGlobals) = postSolution
		SolutionGuid = {E25E763B-3439-42EF-A1E9-853578D7663D}
	EndGlobalSection
EndGlobal
