
Microsoft Visual Studio Solution File, Format Version 12.00
# Visual Studio 15
VisualStudioVersion = 15.0.28307.168
MinimumVisualStudioVersion = 10.0.40219.1
Project("{9A19103F-16F7-4668-BE54-9A1E7A4F7556}") = "BreadthFirst", "BreadthFirst\BreadthFirst.csproj", "{97BAD81D-B758-4C41-A633-7CAD6AF2A353}"
EndProject
Project("{FAE04EC0-301F-11D3-BF4B-00C04F79EFBC}") = "XUnitTestBreadthFirst", "XUnitTestBreadthFirst\XUnitTestBreadthFirst.csproj", "{5FFF50AF-8B5E-4B3A-B4CD-6B5898E1F210}"
EndProject
Global
	GlobalSection(SolutionConfigurationPlatforms) = preSolution
		Debug|Any CPU = Debug|Any CPU
		Release|Any CPU = Release|Any CPU
	EndGlobalSection
	GlobalSection(ProjectConfigurationPlatforms) = postSolution
		{97BAD81D-B758-4C41-A633-7CAD6AF2A353}.Debug|Any CPU.ActiveCfg = Debug|Any CPU
		{97BAD81D-B758-4C41-A633-7CAD6AF2A353}.Debug|Any CPU.Build.0 = Debug|Any CPU
		{97BAD81D-B758-4C41-A633-7CAD6AF2A353}.Release|Any CPU.ActiveCfg = Release|Any CPU
		{97BAD81D-B758-4C41-A633-7CAD6AF2A353}.Release|Any CPU.Build.0 = Release|Any CPU
		{5FFF50AF-8B5E-4B3A-B4CD-6B5898E1F210}.Debug|Any CPU.ActiveCfg = Debug|Any CPU
		{5FFF50AF-8B5E-4B3A-B4CD-6B5898E1F210}.Debug|Any CPU.Build.0 = Debug|Any CPU
		{5FFF50AF-8B5E-4B3A-B4CD-6B5898E1F210}.Release|Any CPU.ActiveCfg = Release|Any CPU
		{5FFF50AF-8B5E-4B3A-B4CD-6B5898E1F210}.Release|Any CPU.Build.0 = Release|Any CPU
	EndGlobalSection
	GlobalSection(SolutionProperties) = preSolution
		HideSolutionNode = FALSE
	EndGlobalSection
	GlobalSection(ExtensibilityGlobals) = postSolution
		SolutionGuid = {A3C02768-7E11-4746-B859-67C76C3D4C20}
	EndGlobalSection
EndGlobal
