
Microsoft Visual Studio Solution File, Format Version 12.00
# Visual Studio 15
VisualStudioVersion = 15.0.28307.168
MinimumVisualStudioVersion = 10.0.40219.1
Project("{FAE04EC0-301F-11D3-BF4B-00C04F79EFBC}") = "Repeatword", "Repeatword\Repeatword.csproj", "{42592E22-D67D-4207-BA5F-174A59E5EB47}"
EndProject
Project("{FAE04EC0-301F-11D3-BF4B-00C04F79EFBC}") = "XUnitTestProject1", "XUnitTestProject1\XUnitTestProject1.csproj", "{6429040F-D3B1-4E85-A784-E62B3A016F0A}"
EndProject
Global
	GlobalSection(SolutionConfigurationPlatforms) = preSolution
		Debug|Any CPU = Debug|Any CPU
		Release|Any CPU = Release|Any CPU
	EndGlobalSection
	GlobalSection(ProjectConfigurationPlatforms) = postSolution
		{42592E22-D67D-4207-BA5F-174A59E5EB47}.Debug|Any CPU.ActiveCfg = Debug|Any CPU
		{42592E22-D67D-4207-BA5F-174A59E5EB47}.Debug|Any CPU.Build.0 = Debug|Any CPU
		{42592E22-D67D-4207-BA5F-174A59E5EB47}.Release|Any CPU.ActiveCfg = Release|Any CPU
		{42592E22-D67D-4207-BA5F-174A59E5EB47}.Release|Any CPU.Build.0 = Release|Any CPU
		{6429040F-D3B1-4E85-A784-E62B3A016F0A}.Debug|Any CPU.ActiveCfg = Debug|Any CPU
		{6429040F-D3B1-4E85-A784-E62B3A016F0A}.Debug|Any CPU.Build.0 = Debug|Any CPU
		{6429040F-D3B1-4E85-A784-E62B3A016F0A}.Release|Any CPU.ActiveCfg = Release|Any CPU
		{6429040F-D3B1-4E85-A784-E62B3A016F0A}.Release|Any CPU.Build.0 = Release|Any CPU
	EndGlobalSection
	GlobalSection(SolutionProperties) = preSolution
		HideSolutionNode = FALSE
	EndGlobalSection
	GlobalSection(ExtensibilityGlobals) = postSolution
		SolutionGuid = {F8985810-9756-429E-93DF-3706590220DB}
	EndGlobalSection
EndGlobal
