
Microsoft Visual Studio Solution File, Format Version 12.00
# Visual Studio 15
VisualStudioVersion = 15.0.28307.168
MinimumVisualStudioVersion = 10.0.40219.1
Project("{9A19103F-16F7-4668-BE54-9A1E7A4F7556}") = "InsertionSortAlgorithm", "InsertionSortAlgorithm\InsertionSortAlgorithm.csproj", "{05DEF535-6FFE-4B47-BCC7-C0845DD33229}"
EndProject
Project("{FAE04EC0-301F-11D3-BF4B-00C04F79EFBC}") = "XUnitTestInsertSort", "XUnitTestInsertSort\XUnitTestInsertSort.csproj", "{674F1AA8-6499-42C2-A39E-E0333FD8E904}"
EndProject
Global
	GlobalSection(SolutionConfigurationPlatforms) = preSolution
		Debug|Any CPU = Debug|Any CPU
		Release|Any CPU = Release|Any CPU
	EndGlobalSection
	GlobalSection(ProjectConfigurationPlatforms) = postSolution
		{05DEF535-6FFE-4B47-BCC7-C0845DD33229}.Debug|Any CPU.ActiveCfg = Debug|Any CPU
		{05DEF535-6FFE-4B47-BCC7-C0845DD33229}.Debug|Any CPU.Build.0 = Debug|Any CPU
		{05DEF535-6FFE-4B47-BCC7-C0845DD33229}.Release|Any CPU.ActiveCfg = Release|Any CPU
		{05DEF535-6FFE-4B47-BCC7-C0845DD33229}.Release|Any CPU.Build.0 = Release|Any CPU
		{674F1AA8-6499-42C2-A39E-E0333FD8E904}.Debug|Any CPU.ActiveCfg = Debug|Any CPU
		{674F1AA8-6499-42C2-A39E-E0333FD8E904}.Debug|Any CPU.Build.0 = Debug|Any CPU
		{674F1AA8-6499-42C2-A39E-E0333FD8E904}.Release|Any CPU.ActiveCfg = Release|Any CPU
		{674F1AA8-6499-42C2-A39E-E0333FD8E904}.Release|Any CPU.Build.0 = Release|Any CPU
	EndGlobalSection
	GlobalSection(SolutionProperties) = preSolution
		HideSolutionNode = FALSE
	EndGlobalSection
	GlobalSection(ExtensibilityGlobals) = postSolution
		SolutionGuid = {1333F1DD-FD09-43AA-8C2D-0B58CC21AA26}
	EndGlobalSection
EndGlobal
