
Microsoft Visual Studio Solution File, Format Version 12.00
# Visual Studio 15
VisualStudioVersion = 15.0.28307.168
MinimumVisualStudioVersion = 10.0.40219.1
Project("{FAE04EC0-301F-11D3-BF4B-00C04F79EFBC}") = "BinaryTreePaths", "BinaryTreePaths\BinaryTreePaths.csproj", "{39B205C0-80EB-4822-9D72-04B9C8B22078}"
EndProject
Global
	GlobalSection(SolutionConfigurationPlatforms) = preSolution
		Debug|Any CPU = Debug|Any CPU
		Release|Any CPU = Release|Any CPU
	EndGlobalSection
	GlobalSection(ProjectConfigurationPlatforms) = postSolution
		{39B205C0-80EB-4822-9D72-04B9C8B22078}.Debug|Any CPU.ActiveCfg = Debug|Any CPU
		{39B205C0-80EB-4822-9D72-04B9C8B22078}.Debug|Any CPU.Build.0 = Debug|Any CPU
		{39B205C0-80EB-4822-9D72-04B9C8B22078}.Release|Any CPU.ActiveCfg = Release|Any CPU
		{39B205C0-80EB-4822-9D72-04B9C8B22078}.Release|Any CPU.Build.0 = Release|Any CPU
	EndGlobalSection
	GlobalSection(SolutionProperties) = preSolution
		HideSolutionNode = FALSE
	EndGlobalSection
	GlobalSection(ExtensibilityGlobals) = postSolution
		SolutionGuid = {DB59BAD8-ADC4-4AD7-8DC6-CB39493C0620}
	EndGlobalSection
EndGlobal
