
Microsoft Visual Studio Solution File, Format Version 12.00
# Visual Studio 15
VisualStudioVersion = 15.0.28307.168
MinimumVisualStudioVersion = 10.0.40219.1
Project("{9A19103F-16F7-4668-BE54-9A1E7A4F7556}") = "ShuffleList", "ShuffleList\ShuffleList.csproj", "{BE017152-D103-4AA2-A0DA-84EA3EF17DAA}"
EndProject
Project("{FAE04EC0-301F-11D3-BF4B-00C04F79EFBC}") = "XUnitTestShuffleLinkedList", "XUnitTestShuffleLinkedList\XUnitTestShuffleLinkedList.csproj", "{58E7BFD8-EBE0-4EDB-A26D-FEC7585725DD}"
EndProject
Global
	GlobalSection(SolutionConfigurationPlatforms) = preSolution
		Debug|Any CPU = Debug|Any CPU
		Release|Any CPU = Release|Any CPU
	EndGlobalSection
	GlobalSection(ProjectConfigurationPlatforms) = postSolution
		{BE017152-D103-4AA2-A0DA-84EA3EF17DAA}.Debug|Any CPU.ActiveCfg = Debug|Any CPU
		{BE017152-D103-4AA2-A0DA-84EA3EF17DAA}.Debug|Any CPU.Build.0 = Debug|Any CPU
		{BE017152-D103-4AA2-A0DA-84EA3EF17DAA}.Release|Any CPU.ActiveCfg = Release|Any CPU
		{BE017152-D103-4AA2-A0DA-84EA3EF17DAA}.Release|Any CPU.Build.0 = Release|Any CPU
		{58E7BFD8-EBE0-4EDB-A26D-FEC7585725DD}.Debug|Any CPU.ActiveCfg = Debug|Any CPU
		{58E7BFD8-EBE0-4EDB-A26D-FEC7585725DD}.Debug|Any CPU.Build.0 = Debug|Any CPU
		{58E7BFD8-EBE0-4EDB-A26D-FEC7585725DD}.Release|Any CPU.ActiveCfg = Release|Any CPU
		{58E7BFD8-EBE0-4EDB-A26D-FEC7585725DD}.Release|Any CPU.Build.0 = Release|Any CPU
	EndGlobalSection
	GlobalSection(SolutionProperties) = preSolution
		HideSolutionNode = FALSE
	EndGlobalSection
	GlobalSection(ExtensibilityGlobals) = postSolution
		SolutionGuid = {1344E41E-8CD7-48AD-9658-E8DCC7B42986}
	EndGlobalSection
EndGlobal
