
Microsoft Visual Studio Solution File, Format Version 12.00
# Visual Studio 15
VisualStudioVersion = 15.0.28307.168
MinimumVisualStudioVersion = 10.0.40219.1
Project("{9A19103F-16F7-4668-BE54-9A1E7A4F7556}") = "ArrayShift", "ArrayShift\ArrayShift.csproj", "{B40EA113-FAE5-46A7-90A0-3A2409E94859}"
EndProject
Global
	GlobalSection(SolutionConfigurationPlatforms) = preSolution
		Debug|Any CPU = Debug|Any CPU
		Release|Any CPU = Release|Any CPU
	EndGlobalSection
	GlobalSection(ProjectConfigurationPlatforms) = postSolution
		{B40EA113-FAE5-46A7-90A0-3A2409E94859}.Debug|Any CPU.ActiveCfg = Debug|Any CPU
		{B40EA113-FAE5-46A7-90A0-3A2409E94859}.Debug|Any CPU.Build.0 = Debug|Any CPU
		{B40EA113-FAE5-46A7-90A0-3A2409E94859}.Release|Any CPU.ActiveCfg = Release|Any CPU
		{B40EA113-FAE5-46A7-90A0-3A2409E94859}.Release|Any CPU.Build.0 = Release|Any CPU
	EndGlobalSection
	GlobalSection(SolutionProperties) = preSolution
		HideSolutionNode = FALSE
	EndGlobalSection
	GlobalSection(ExtensibilityGlobals) = postSolution
		SolutionGuid = {0D461CEF-8325-43A4-A457-095203AFE9D3}
	EndGlobalSection
EndGlobal
