
Microsoft Visual Studio Solution File, Format Version 12.00
# Visual Studio 15
VisualStudioVersion = 15.0.28307.168
MinimumVisualStudioVersion = 10.0.40219.1
Project("{FAE04EC0-301F-11D3-BF4B-00C04F79EFBC}") = "MultiBrackValidation", "MultiBrackValidation\MultiBrackValidation.csproj", "{2BB29CA5-CF01-495D-8E64-C708E4EC90D4}"
EndProject
Global
	GlobalSection(SolutionConfigurationPlatforms) = preSolution
		Debug|Any CPU = Debug|Any CPU
		Release|Any CPU = Release|Any CPU
	EndGlobalSection
	GlobalSection(ProjectConfigurationPlatforms) = postSolution
		{2BB29CA5-CF01-495D-8E64-C708E4EC90D4}.Debug|Any CPU.ActiveCfg = Debug|Any CPU
		{2BB29CA5-CF01-495D-8E64-C708E4EC90D4}.Debug|Any CPU.Build.0 = Debug|Any CPU
		{2BB29CA5-CF01-495D-8E64-C708E4EC90D4}.Release|Any CPU.ActiveCfg = Release|Any CPU
		{2BB29CA5-CF01-495D-8E64-C708E4EC90D4}.Release|Any CPU.Build.0 = Release|Any CPU
	EndGlobalSection
	GlobalSection(SolutionProperties) = preSolution
		HideSolutionNode = FALSE
	EndGlobalSection
	GlobalSection(ExtensibilityGlobals) = postSolution
		SolutionGuid = {6EF752BB-CCAF-464F-901B-BCD2310C9AB9}
	EndGlobalSection
EndGlobal
