
Microsoft Visual Studio Solution File, Format Version 12.00
# Visual Studio 15
VisualStudioVersion = 15.0.28307.168
MinimumVisualStudioVersion = 10.0.40219.1
Project("{FAE04EC0-301F-11D3-BF4B-00C04F79EFBC}") = "Tree", "Tree\Tree.csproj", "{8FB368B8-7A80-4BBC-8A6C-DC52C54832AA}"
EndProject
Project("{FAE04EC0-301F-11D3-BF4B-00C04F79EFBC}") = "XUnitTreeTest", "..\XUnitTreeTest\XUnitTreeTest.csproj", "{C5CA4DF0-7E6A-47C6-AD97-E6F6ECFE374A}"
EndProject
Global
	GlobalSection(SolutionConfigurationPlatforms) = preSolution
		Debug|Any CPU = Debug|Any CPU
		Release|Any CPU = Release|Any CPU
	EndGlobalSection
	GlobalSection(ProjectConfigurationPlatforms) = postSolution
		{8FB368B8-7A80-4BBC-8A6C-DC52C54832AA}.Debug|Any CPU.ActiveCfg = Debug|Any CPU
		{8FB368B8-7A80-4BBC-8A6C-DC52C54832AA}.Debug|Any CPU.Build.0 = Debug|Any CPU
		{8FB368B8-7A80-4BBC-8A6C-DC52C54832AA}.Release|Any CPU.ActiveCfg = Release|Any CPU
		{8FB368B8-7A80-4BBC-8A6C-DC52C54832AA}.Release|Any CPU.Build.0 = Release|Any CPU
		{C5CA4DF0-7E6A-47C6-AD97-E6F6ECFE374A}.Debug|Any CPU.ActiveCfg = Debug|Any CPU
		{C5CA4DF0-7E6A-47C6-AD97-E6F6ECFE374A}.Debug|Any CPU.Build.0 = Debug|Any CPU
		{C5CA4DF0-7E6A-47C6-AD97-E6F6ECFE374A}.Release|Any CPU.ActiveCfg = Release|Any CPU
		{C5CA4DF0-7E6A-47C6-AD97-E6F6ECFE374A}.Release|Any CPU.Build.0 = Release|Any CPU
	EndGlobalSection
	GlobalSection(SolutionProperties) = preSolution
		HideSolutionNode = FALSE
	EndGlobalSection
	GlobalSection(ExtensibilityGlobals) = postSolution
		SolutionGuid = {45DA2FF1-0526-4247-A6CD-4C41BECC438F}
	EndGlobalSection
EndGlobal
