
Microsoft Visual Studio Solution File, Format Version 12.00
# Visual Studio 15
VisualStudioVersion = 15.0.28307.168
MinimumVisualStudioVersion = 10.0.40219.1
Project("{9A19103F-16F7-4668-BE54-9A1E7A4F7556}") = "Tree", "Tree\Tree.csproj", "{8FB368B8-7A80-4BBC-8A6C-DC52C54832AA}"
EndProject
Project("{FAE04EC0-301F-11D3-BF4B-00C04F79EFBC}") = "XUnitTestForTree", "Tree\XUnitTestForTree\XUnitTestForTree.csproj", "{C1CD1FCD-9837-49AE-BA70-93BB176241E3}"
EndProject
Global
	GlobalSection(SolutionConfigurationPlatforms) = preSolution
		Debug|Any CPU = Debug|Any CPU
		Release|Any CPU = Release|Any CPU
	EndGlobalSection
	GlobalSection(ProjectConfigurationPlatforms) = postSolution
		{8FB368B8-7A80-4BBC-8A6C-DC52C54832AA}.Debug|Any CPU.ActiveCfg = Debug|Any CPU
		{8FB368B8-7A80-4BBC-8A6C-DC52C54832AA}.Debug|Any CPU.Build.0 = Debug|Any CPU
		{8FB368B8-7A80-4BBC-8A6C-DC52C54832AA}.Release|Any CPU.ActiveCfg = Release|Any CPU
		{8FB368B8-7A80-4BBC-8A6C-DC52C54832AA}.Release|Any CPU.Build.0 = Release|Any CPU
		{C1CD1FCD-9837-49AE-BA70-93BB176241E3}.Debug|Any CPU.ActiveCfg = Debug|Any CPU
		{C1CD1FCD-9837-49AE-BA70-93BB176241E3}.Debug|Any CPU.Build.0 = Debug|Any CPU
		{C1CD1FCD-9837-49AE-BA70-93BB176241E3}.Release|Any CPU.ActiveCfg = Release|Any CPU
		{C1CD1FCD-9837-49AE-BA70-93BB176241E3}.Release|Any CPU.Build.0 = Release|Any CPU
	EndGlobalSection
	GlobalSection(SolutionProperties) = preSolution
		HideSolutionNode = FALSE
	EndGlobalSection
	GlobalSection(ExtensibilityGlobals) = postSolution
		SolutionGuid = {45DA2FF1-0526-4247-A6CD-4C41BECC438F}
	EndGlobalSection
EndGlobal
