
Microsoft Visual Studio Solution File, Format Version 12.00
# Visual Studio 15
VisualStudioVersion = 15.0.28307.168
MinimumVisualStudioVersion = 10.0.40219.1
Project("{FAE04EC0-301F-11D3-BF4B-00C04F79EFBC}") = "MergeTwoLinkedList", "MergeTwoLinkedList\MergeTwoLinkedList.csproj", "{1394F496-04A0-4D09-9F6A-0E37C8868026}"
EndProject
Global
	GlobalSection(SolutionConfigurationPlatforms) = preSolution
		Debug|Any CPU = Debug|Any CPU
		Release|Any CPU = Release|Any CPU
	EndGlobalSection
	GlobalSection(ProjectConfigurationPlatforms) = postSolution
		{1394F496-04A0-4D09-9F6A-0E37C8868026}.Debug|Any CPU.ActiveCfg = Debug|Any CPU
		{1394F496-04A0-4D09-9F6A-0E37C8868026}.Debug|Any CPU.Build.0 = Debug|Any CPU
		{1394F496-04A0-4D09-9F6A-0E37C8868026}.Release|Any CPU.ActiveCfg = Release|Any CPU
		{1394F496-04A0-4D09-9F6A-0E37C8868026}.Release|Any CPU.Build.0 = Release|Any CPU
	EndGlobalSection
	GlobalSection(SolutionProperties) = preSolution
		HideSolutionNode = FALSE
	EndGlobalSection
	GlobalSection(ExtensibilityGlobals) = postSolution
		SolutionGuid = {BC863690-54CA-4C79-9977-189F3E1A2ED7}
	EndGlobalSection
EndGlobal
